// !$*UTF8*$!
{
	archiveVersion = 1;
	classes = {
	};
	objectVersion = 46;
	objects = {

/* Begin PBXBuildFile section */
		6875CE0217BC7BF700E12583 /* Person.m in Sources */ = {isa = PBXBuildFile; fileRef = 6875CE0117BC7BF600E12583 /* Person.m */; };
		BEEDE1F317BBC191008EB3C3 /* Cocoa.framework in Frameworks */ = {isa = PBXBuildFile; fileRef = BEEDE1F217BBC191008EB3C3 /* Cocoa.framework */; };
		BEEDE1FD17BBC191008EB3C3 /* InfoPlist.strings in Resources */ = {isa = PBXBuildFile; fileRef = BEEDE1FB17BBC191008EB3C3 /* InfoPlist.strings */; };
		BEEDE1FF17BBC191008EB3C3 /* main.m in Sources */ = {isa = PBXBuildFile; fileRef = BEEDE1FE17BBC191008EB3C3 /* main.m */; };
		BEEDE20317BBC191008EB3C3 /* Credits.rtf in Resources */ = {isa = PBXBuildFile; fileRef = BEEDE20117BBC191008EB3C3 /* Credits.rtf */; };
		BEEDE20617BBC191008EB3C3 /* AppDelegate.m in Sources */ = {isa = PBXBuildFile; fileRef = BEEDE20517BBC191008EB3C3 /* AppDelegate.m */; };
		BEEDE20917BBC192008EB3C3 /* MainMenu.xib in Resources */ = {isa = PBXBuildFile; fileRef = BEEDE20717BBC192008EB3C3 /* MainMenu.xib */; };
		BEEDE21117BBC1C4008EB3C3 /* MainWindowDelegate.m in Sources */ = {isa = PBXBuildFile; fileRef = BEEDE21017BBC1C4008EB3C3 /* MainWindowDelegate.m */; };
		BEEDE21317BBC5FF008EB3C3 /* libsqlite3.0.dylib in Frameworks */ = {isa = PBXBuildFile; fileRef = BEEDE21217BBC5FF008EB3C3 /* libsqlite3.0.dylib */; };
		BEEDE21617BBC65D008EB3C3 /* person.db in Resources */ = {isa = PBXBuildFile; fileRef = BEEDE21417BBC613008EB3C3 /* person.db */; };
		BEEDE21917BBC728008EB3C3 /* MyTableView.m in Sources */ = {isa = PBXBuildFile; fileRef = BEEDE21817BBC728008EB3C3 /* MyTableView.m */; };
		BEEDE21C17BBC957008EB3C3 /* DBOperation.m in Sources */ = {isa = PBXBuildFile; fileRef = BEEDE21B17BBC957008EB3C3 /* DBOperation.m */; };
/* End PBXBuildFile section */

/* Begin PBXFileReference section */
		6875CE0017BC7BF600E12583 /* Person.h */ = {isa = PBXFileReference; fileEncoding = 4; lastKnownFileType = sourcecode.c.h; path = Person.h; sourceTree = "<group>"; };
		6875CE0117BC7BF600E12583 /* Person.m */ = {isa = PBXFileReference; fileEncoding = 4; lastKnownFileType = sourcecode.c.objc; path = Person.m; sourceTree = "<group>"; };
		BEEDE1EF17BBC191008EB3C3 /* SQLite_Mac.app */ = {isa = PBXFileReference; explicitFileType = wrapper.application; includeInIndex = 0; path = SQLite_Mac.app; sourceTree = BUILT_PRODUCTS_DIR; };
		BEEDE1F217BBC191008EB3C3 /* Cocoa.framework */ = {isa = PBXFileReference; lastKnownFileType = wrapper.framework; name = Cocoa.framework; path = System/Library/Frameworks/Cocoa.framework; sourceTree = SDKROOT; };
		BEEDE1F517BBC191008EB3C3 /* AppKit.framework */ = {isa = PBXFileReference; lastKnownFileType = wrapper.framework; name = AppKit.framework; path = System/Library/Frameworks/AppKit.framework; sourceTree = SDKROOT; };
		BEEDE1F617BBC191008EB3C3 /* CoreData.framework */ = {isa = PBXFileReference; lastKnownFileType = wrapper.framework; name = CoreData.framework; path = System/Library/Frameworks/CoreData.framework; sourceTree = SDKROOT; };
		BEEDE1F717BBC191008EB3C3 /* Foundation.framework */ = {isa = PBXFileReference; lastKnownFileType = wrapper.framework; name = Foundation.framework; path = System/Library/Frameworks/Foundation.framework; sourceTree = SDKROOT; };
		BEEDE1FA17BBC191008EB3C3 /* SQLite_Mac-Info.plist */ = {isa = PBXFileReference; lastKnownFileType = text.plist.xml; path = "SQLite_Mac-Info.plist"; sourceTree = "<group>"; };
		BEEDE1FC17BBC191008EB3C3 /* en */ = {isa = PBXFileReference; lastKnownFileType = text.plist.strings; name = en; path = en.lproj/InfoPlist.strings; sourceTree = "<group>"; };
		BEEDE1FE17BBC191008EB3C3 /* main.m */ = {isa = PBXFileReference; lastKnownFileType = sourcecode.c.objc; path = main.m; sourceTree = "<group>"; };
		BEEDE20017BBC191008EB3C3 /* SQLite_Mac-Prefix.pch */ = {isa = PBXFileReference; lastKnownFileType = sourcecode.c.h; path = "SQLite_Mac-Prefix.pch"; sourceTree = "<group>"; };
		BEEDE20217BBC191008EB3C3 /* en */ = {isa = PBXFileReference; lastKnownFileType = text.rtf; name = en; path = en.lproj/Credits.rtf; sourceTree = "<group>"; };
		BEEDE20417BBC191008EB3C3 /* AppDelegate.h */ = {isa = PBXFileReference; lastKnownFileType = sourcecode.c.h; path = AppDelegate.h; sourceTree = "<group>"; };
		BEEDE20517BBC191008EB3C3 /* AppDelegate.m */ = {isa = PBXFileReference; lastKnownFileType = sourcecode.c.objc; path = AppDelegate.m; sourceTree = "<group>"; };
		BEEDE20817BBC192008EB3C3 /* en */ = {isa = PBXFileReference; lastKnownFileType = file.xib; name = en; path = en.lproj/MainMenu.xib; sourceTree = "<group>"; };
		BEEDE20F17BBC1C4008EB3C3 /* MainWindowDelegate.h */ = {isa = PBXFileReference; fileEncoding = 4; lastKnownFileType = sourcecode.c.h; path = MainWindowDelegate.h; sourceTree = "<group>"; };
		BEEDE21017BBC1C4008EB3C3 /* MainWindowDelegate.m */ = {isa = PBXFileReference; fileEncoding = 4; lastKnownFileType = sourcecode.c.objc; path = MainWindowDelegate.m; sourceTree = "<group>"; };
		BEEDE21217BBC5FF008EB3C3 /* libsqlite3.0.dylib */ = {isa = PBXFileReference; lastKnownFileType = "compiled.mach-o.dylib"; name = libsqlite3.0.dylib; path = ../../../../../../../usr/lib/libsqlite3.0.dylib; sourceTree = "<group>"; };
		BEEDE21417BBC613008EB3C3 /* person.db */ = {isa = PBXFileReference; lastKnownFileType = file; path = person.db; sourceTree = "<group>"; };
		BEEDE21717BBC728008EB3C3 /* MyTableView.h */ = {isa = PBXFileReference; fileEncoding = 4; lastKnownFileType = sourcecode.c.h; path = MyTableView.h; sourceTree = "<group>"; };
		BEEDE21817BBC728008EB3C3 /* MyTableView.m */ = {isa = PBXFileReference; fileEncoding = 4; lastKnownFileType = sourcecode.c.objc; path = MyTableView.m; sourceTree = "<group>"; };
		BEEDE21A17BBC957008EB3C3 /* DBOperation.h */ = {isa = PBXFileReference; fileEncoding = 4; lastKnownFileType = sourcecode.c.h; path = DBOperation.h; sourceTree = "<group>"; };
		BEEDE21B17BBC957008EB3C3 /* DBOperation.m */ = {isa = PBXFileReference; fileEncoding = 4; lastKnownFileType = sourcecode.c.objc; path = DBOperation.m; sourceTree = "<group>"; };
/* End PBXFileReference section */

/* Begin PBXFrameworksBuildPhase section */
		BEEDE1EC17BBC191008EB3C3 /* Frameworks */ = {
			isa = PBXFrameworksBuildPhase;
			buildActionMask = 2147483647;
			files = (
				BEEDE1F317BBC191008EB3C3 /* Cocoa.framework in Frameworks */,
				BEEDE21317BBC5FF008EB3C3 /* libsqlite3.0.dylib in Frameworks */,
			);
			runOnlyForDeploymentPostprocessing = 0;
		};
/* End PBXFrameworksBuildPhase section */

/* Begin PBXGroup section */
		BEEDE1E617BBC191008EB3C3 = {
			isa = PBXGroup;
			children = (
				BEEDE1F817BBC191008EB3C3 /* SQLite_Mac */,
				BEEDE1F117BBC191008EB3C3 /* Frameworks */,
				BEEDE1F017BBC191008EB3C3 /* Products */,
			);
			sourceTree = "<group>";
		};
		BEEDE1F017BBC191008EB3C3 /* Products */ = {
			isa = PBXGroup;
			children = (
				BEEDE1EF17BBC191008EB3C3 /* SQLite_Mac.app */,
			);
			name = Products;
			sourceTree = "<group>";
		};
		BEEDE1F117BBC191008EB3C3 /* Frameworks */ = {
			isa = PBXGroup;
			children = (
				BEEDE21217BBC5FF008EB3C3 /* libsqlite3.0.dylib */,
				BEEDE1F217BBC191008EB3C3 /* Cocoa.framework */,
				BEEDE1F417BBC191008EB3C3 /* Other Frameworks */,
			);
			name = Frameworks;
			sourceTree = "<group>";
		};
		BEEDE1F417BBC191008EB3C3 /* Other Frameworks */ = {
			isa = PBXGroup;
			children = (
				BEEDE1F517BBC191008EB3C3 /* AppKit.framework */,
				BEEDE1F617BBC191008EB3C3 /* CoreData.framework */,
				BEEDE1F717BBC191008EB3C3 /* Foundation.framework */,
			);
			name = "Other Frameworks";
			sourceTree = "<group>";
		};
		BEEDE1F817BBC191008EB3C3 /* SQLite_Mac */ = {
			isa = PBXGroup;
			children = (
				BEEDE20417BBC191008EB3C3 /* AppDelegate.h */,
				BEEDE20517BBC191008EB3C3 /* AppDelegate.m */,
				BEEDE20717BBC192008EB3C3 /* MainMenu.xib */,
				BEEDE1F917BBC191008EB3C3 /* Supporting Files */,
				BEEDE20F17BBC1C4008EB3C3 /* MainWindowDelegate.h */,
				BEEDE21017BBC1C4008EB3C3 /* MainWindowDelegate.m */,
				BEEDE21717BBC728008EB3C3 /* MyTableView.h */,
				BEEDE21817BBC728008EB3C3 /* MyTableView.m */,
				BEEDE21A17BBC957008EB3C3 /* DBOperation.h */,
				BEEDE21B17BBC957008EB3C3 /* DBOperation.m */,
				6875CE0017BC7BF600E12583 /* Person.h */,
				6875CE0117BC7BF600E12583 /* Person.m */,
			);
			path = SQLite_Mac;
			sourceTree = "<group>";
		};
		BEEDE1F917BBC191008EB3C3 /* Supporting Files */ = {
			isa = PBXGroup;
			children = (
				BEEDE21417BBC613008EB3C3 /* person.db */,
				BEEDE1FA17BBC191008EB3C3 /* SQLite_Mac-Info.plist */,
				BEEDE1FB17BBC191008EB3C3 /* InfoPlist.strings */,
				BEEDE1FE17BBC191008EB3C3 /* main.m */,
				BEEDE20017BBC191008EB3C3 /* SQLite_Mac-Prefix.pch */,
				BEEDE20117BBC191008EB3C3 /* Credits.rtf */,
			);
			name = "Supporting Files";
			sourceTree = "<group>";
		};
/* End PBXGroup section */

/* Begin PBXNativeTarget section */
		BEEDE1EE17BBC191008EB3C3 /* SQLite_Mac */ = {
			isa = PBXNativeTarget;
			buildConfigurationList = BEEDE20C17BBC192008EB3C3 /* Build configuration list for PBXNativeTarget "SQLite_Mac" */;
			buildPhases = (
				BEEDE1EB17BBC191008EB3C3 /* Sources */,
				BEEDE1EC17BBC191008EB3C3 /* Frameworks */,
				BEEDE1ED17BBC191008EB3C3 /* Resources */,
			);
			buildRules = (
			);
			dependencies = (
			);
			name = SQLite_Mac;
			productName = SQLite_Mac;
			productReference = BEEDE1EF17BBC191008EB3C3 /* SQLite_Mac.app */;
			productType = "com.apple.product-type.application";
		};
/* End PBXNativeTarget section */

/* Begin PBXProject section */
		BEEDE1E717BBC191008EB3C3 /* Project object */ = {
			isa = PBXProject;
			attributes = {
				LastUpgradeCheck = 0460;
				ORGANIZATIONNAME = "Will Han";
			};
			buildConfigurationList = BEEDE1EA17BBC191008EB3C3 /* Build configuration list for PBXProject "SQLite_Mac" */;
			compatibilityVersion = "Xcode 3.2";
			developmentRegion = English;
			hasScannedForEncodings = 0;
			knownRegions = (
				en,
			);
			mainGroup = BEEDE1E617BBC191008EB3C3;
			productRefGroup = BEEDE1F017BBC191008EB3C3 /* Products */;
			projectDirPath = "";
			projectRoot = "";
			targets = (
				BEEDE1EE17BBC191008EB3C3 /* SQLite_Mac */,
			);
		};
/* End PBXProject section */

/* Begin PBXResourcesBuildPhase section */
		BEEDE1ED17BBC191008EB3C3 /* Resources */ = {
			isa = PBXResourcesBuildPhase;
			buildActionMask = 2147483647;
			files = (
				BEEDE1FD17BBC191008EB3C3 /* InfoPlist.strings in Resources */,
				BEEDE20317BBC191008EB3C3 /* Credits.rtf in Resources */,
				BEEDE20917BBC192008EB3C3 /* MainMenu.xib in Resources */,
				BEEDE21617BBC65D008EB3C3 /* person.db in Resources */,
			);
			runOnlyForDeploymentPostprocessing = 0;
		};
/* End PBXResourcesBuildPhase section */

/* Begin PBXSourcesBuildPhase section */
		BEEDE1EB17BBC191008EB3C3 /* Sources */ = {
			isa = PBXSourcesBuildPhase;
			buildActionMask = 2147483647;
			files = (
				BEEDE1FF17BBC191008EB3C3 /* main.m in Sources */,
				BEEDE20617BBC191008EB3C3 /* AppDelegate.m in Sources */,
				BEEDE21117BBC1C4008EB3C3 /* MainWindowDelegate.m in Sources */,
				BEEDE21917BBC728008EB3C3 /* MyTableView.m in Sources */,
				BEEDE21C17BBC957008EB3C3 /* DBOperation.m in Sources */,
				6875CE0217BC7BF700E12583 /* Person.m in Sources */,
			);
			runOnlyForDeploymentPostprocessing = 0;
		};
/* End PBXSourcesBuildPhase section */

/* Begin PBXVariantGroup section */
		BEEDE1FB17BBC191008EB3C3 /* InfoPlist.strings */ = {
			isa = PBXVariantGroup;
			children = (
				BEEDE1FC17BBC191008EB3C3 /* en */,
			);
			name = InfoPlist.strings;
			sourceTree = "<group>";
		};
		BEEDE20117BBC191008EB3C3 /* Credits.rtf */ = {
			isa = PBXVariantGroup;
			children = (
				BEEDE20217BBC191008EB3C3 /* en */,
			);
			name = Credits.rtf;
			sourceTree = "<group>";
		};
		BEEDE20717BBC192008EB3C3 /* MainMenu.xib */ = {
			isa = PBXVariantGroup;
			children = (
				BEEDE20817BBC192008EB3C3 /* en */,
			);
			name = MainMenu.xib;
			sourceTree = "<group>";
		};
/* End PBXVariantGroup section */

/* Begin XCBuildConfiguration section */
		BEEDE20A17BBC192008EB3C3 /* Debug */ = {
			isa = XCBuildConfiguration;
			buildSettings = {
				ALWAYS_SEARCH_USER_PATHS = NO;
				ARCHS = "$(ARCHS_STANDARD_64_BIT)";
				CLANG_CXX_LANGUAGE_STANDARD = "gnu++0x";
				CLANG_CXX_LIBRARY = "libc++";
				CLANG_WARN_CONSTANT_CONVERSION = YES;
				CLANG_WARN_EMPTY_BODY = YES;
				CLANG_WARN_ENUM_CONVERSION = YES;
				CLANG_WARN_INT_CONVERSION = YES;
				CLANG_WARN__DUPLICATE_METHOD_MATCH = YES;
				COPY_PHASE_STRIP = NO;
				GCC_C_LANGUAGE_STANDARD = gnu99;
				GCC_DYNAMIC_NO_PIC = NO;
				GCC_ENABLE_OBJC_EXCEPTIONS = YES;
				GCC_OPTIMIZATION_LEVEL = 0;
				GCC_PREPROCESSOR_DEFINITIONS = (
					"DEBUG=1",
					"$(inherited)",
				);
				GCC_SYMBOLS_PRIVATE_EXTERN = NO;
				GCC_WARN_64_TO_32_BIT_CONVERSION = YES;
				GCC_WARN_ABOUT_RETURN_TYPE = YES;
				GCC_WARN_UNINITIALIZED_AUTOS = YES;
				GCC_WARN_UNUSED_VARIABLE = YES;
				MACOSX_DEPLOYMENT_TARGET = 10.8;
				ONLY_ACTIVE_ARCH = YES;
				SDKROOT = macosx;
			};
			name = Debug;
		};
		BEEDE20B17BBC192008EB3C3 /* Release */ = {
			isa = XCBuildConfiguration;
			buildSettings = {
				ALWAYS_SEARCH_USER_PATHS = NO;
				ARCHS = "$(ARCHS_STANDARD_64_BIT)";
				CLANG_CXX_LANGUAGE_STANDARD = "gnu++0x";
				CLANG_CXX_LIBRARY = "libc++";
				CLANG_WARN_CONSTANT_CONVERSION = YES;
				CLANG_WARN_EMPTY_BODY = YES;
				CLANG_WARN_ENUM_CONVERSION = YES;
				CLANG_WARN_INT_CONVERSION = YES;
				CLANG_WARN__DUPLICATE_METHOD_MATCH = YES;
				COPY_PHASE_STRIP = YES;
				DEBUG_INFORMATION_FORMAT = "dwarf-with-dsym";
				GCC_C_LANGUAGE_STANDARD = gnu99;
				GCC_ENABLE_OBJC_EXCEPTIONS = YES;
				GCC_WARN_64_TO_32_BIT_CONVERSION = YES;
				GCC_WARN_ABOUT_RETURN_TYPE = YES;
				GCC_WARN_UNINITIALIZED_AUTOS = YES;
				GCC_WARN_UNUSED_VARIABLE = YES;
				MACOSX_DEPLOYMENT_TARGET = 10.8;
				SDKROOT = macosx;
			};
			name = Release;
		};
		BEEDE20D17BBC192008EB3C3 /* Debug */ = {
			isa = XCBuildConfiguration;
			buildSettings = {
				COMBINE_HIDPI_IMAGES = YES;
				GCC_PRECOMPILE_PREFIX_HEADER = YES;
				GCC_PREFIX_HEADER = "SQLite_Mac/SQLite_Mac-Prefix.pch";
				INFOPLIST_FILE = "SQLite_Mac/SQLite_Mac-Info.plist";
				PRODUCT_NAME = "$(TARGET_NAME)";
				WRAPPER_EXTENSION = app;
			};
			name = Debug;
		};
		BEEDE20E17BBC192008EB3C3 /* Release */ = {
			isa = XCBuildConfiguration;
			buildSettings = {
				COMBINE_HIDPI_IMAGES = YES;
				GCC_PRECOMPILE_PREFIX_HEADER = YES;
				GCC_PREFIX_HEADER = "SQLite_Mac/SQLite_Mac-Prefix.pch";
				INFOPLIST_FILE = "SQLite_Mac/SQLite_Mac-Info.plist";
				PRODUCT_NAME = "$(TARGET_NAME)";
				WRAPPER_EXTENSION = app;
			};
			name = Release;
		};
/* End XCBuildConfiguration section */

/* Begin XCConfigurationList section */
		BEEDE1EA17BBC191008EB3C3 /* Build configuration list for PBXProject "SQLite_Mac" */ = {
			isa = XCConfigurationList;
			buildConfigurations = (
				BEEDE20A17BBC192008EB3C3 /* Debug */,
				BEEDE20B17BBC192008EB3C3 /* Release */,
			);
			defaultConfigurationIsVisible = 0;
			defaultConfigurationName = Release;
		};
		BEEDE20C17BBC192008EB3C3 /* Build configuration list for PBXNativeTarget "SQLite_Mac" */ = {
			isa = XCConfigurationList;
			buildConfigurations = (
				BEEDE20D17BBC192008EB3C3 /* Debug */,
				BEEDE20E17BBC192008EB3C3 /* Release */,
			);
			defaultConfigurationIsVisible = 0;
			defaultConfigurationName = Release;
		};
/* End XCConfigurationList section */
	};
	rootObject = BEEDE1E717BBC191008EB3C3 /* Project object */;
}
